{
  "requires": true,
  "lockfileVersion": 1,
  "dependencies": {
    "svf-lib": {
      "version": "1.0.1002",
      "resolved": "https://registry.npmjs.org/svf-lib/-/svf-lib-1.0.1002.tgz",
      "integrity": "sha512-NmJ2RVKwVCWOq2YpE7/e8SJULIopFw2Oy77bv34MzesQANFji/93WSUtdD++rMfDDKECklClvenmGD7dKXCYfA=="
    }
  }
}
